
Microsoft Visual Studio Solution File, Format Version 12.00
# Visual Studio Version 16
VisualStudioVersion = 16.0.30011.22
MinimumVisualStudioVersion = 10.0.40219.1
Project("{9A19103F-16F7-4668-BE54-9A1E7A4F7556}") = "ChannelTest", "ChannelTest\ChannelTest.csproj", "{87BE6F3A-05BE-41B8-B3AB-D510645D7DCD}"
EndProject
Project("{9A19103F-16F7-4668-BE54-9A1E7A4F7556}") = "cRGB.WPF", "cRGB.WPF\cRGB.WPF.csproj", "{3695BDB3-AF77-4799-9740-1CE753E802FE}"
EndProject
Project("{FAE04EC0-301F-11D3-BF4B-00C04F79EFBC}") = "BlinkStickDotNet", "BlinkStickDotNet\BlinkStickDotNet\BlinkStickDotNet.csproj", "{7AAEBEBE-E38D-47B1-A04C-A055DCEB0757}"
EndProject
Project("{FAE04EC0-301F-11D3-BF4B-00C04F79EFBC}") = "HidSharp", "BlinkStickDotNet\Components\HidSharp\HidSharp.csproj", "{0DB86674-2A7B-4BDC-93C1-3F7DC771426C}"
EndProject
Project("{2150E333-8FDC-42A3-9474-1A3956D46DE8}") = "BlinkStick Library", "BlinkStick Library", "{05790576-9FF2-4849-87C9-7BA2550591B3}"
EndProject
Project("{FAE04EC0-301F-11D3-BF4B-00C04F79EFBC}") = "LibUsbDotNet", "BlinkStickDotNet\Components\LibWinUsb\LibUsbDotNet.csproj", "{0A78F6FF-5586-4052-8104-E23FF83A7CE1}"
EndProject
Project("{2150E333-8FDC-42A3-9474-1A3956D46DE8}") = "UI", "UI", "{1E121F55-001D-4A3D-9ED2-9D5541F3DC87}"
EndProject
Project("{2150E333-8FDC-42A3-9474-1A3956D46DE8}") = "Experimentational", "Experimentational", "{1EAE6A21-3B96-4490-B3BB-DB02F15414F7}"
EndProject
Project("{2150E333-8FDC-42A3-9474-1A3956D46DE8}") = "Domain", "Domain", "{3B0F584D-3516-4FA3-B526-02E8844087E4}"
EndProject
Project("{2150E333-8FDC-42A3-9474-1A3956D46DE8}") = "Solution Items", "Solution Items", "{A62B3643-4081-4538-9AEB-18EE149F95B5}"
	ProjectSection(SolutionItems) = preProject
		.editorconfig = .editorconfig
	EndProjectSection
EndProject
Project("{9A19103F-16F7-4668-BE54-9A1E7A4F7556}") = "cRGB.Domain", "cRGB.Domain\cRGB.Domain.csproj", "{4FFBBE49-8F74-4D47-B9F6-08117F2CB612}"
EndProject
Global
	GlobalSection(SolutionConfigurationPlatforms) = preSolution
		Debug|Any CPU = Debug|Any CPU
		Debug|x86 = Debug|x86
		Release|Any CPU = Release|Any CPU
		Release|x86 = Release|x86
	EndGlobalSection
	GlobalSection(ProjectConfigurationPlatforms) = postSolution
		{87BE6F3A-05BE-41B8-B3AB-D510645D7DCD}.Debug|Any CPU.ActiveCfg = Debug|Any CPU
		{87BE6F3A-05BE-41B8-B3AB-D510645D7DCD}.Debug|Any CPU.Build.0 = Debug|Any CPU
		{87BE6F3A-05BE-41B8-B3AB-D510645D7DCD}.Debug|x86.ActiveCfg = Debug|Any CPU
		{87BE6F3A-05BE-41B8-B3AB-D510645D7DCD}.Debug|x86.Build.0 = Debug|Any CPU
		{87BE6F3A-05BE-41B8-B3AB-D510645D7DCD}.Release|Any CPU.ActiveCfg = Release|Any CPU
		{87BE6F3A-05BE-41B8-B3AB-D510645D7DCD}.Release|Any CPU.Build.0 = Release|Any CPU
		{87BE6F3A-05BE-41B8-B3AB-D510645D7DCD}.Release|x86.ActiveCfg = Release|Any CPU
		{87BE6F3A-05BE-41B8-B3AB-D510645D7DCD}.Release|x86.Build.0 = Release|Any CPU
		{3695BDB3-AF77-4799-9740-1CE753E802FE}.Debug|Any CPU.ActiveCfg = Debug|Any CPU
		{3695BDB3-AF77-4799-9740-1CE753E802FE}.Debug|Any CPU.Build.0 = Debug|Any CPU
		{3695BDB3-AF77-4799-9740-1CE753E802FE}.Debug|x86.ActiveCfg = Debug|Any CPU
		{3695BDB3-AF77-4799-9740-1CE753E802FE}.Debug|x86.Build.0 = Debug|Any CPU
		{3695BDB3-AF77-4799-9740-1CE753E802FE}.Release|Any CPU.ActiveCfg = Release|Any CPU
		{3695BDB3-AF77-4799-9740-1CE753E802FE}.Release|Any CPU.Build.0 = Release|Any CPU
		{3695BDB3-AF77-4799-9740-1CE753E802FE}.Release|x86.ActiveCfg = Release|Any CPU
		{3695BDB3-AF77-4799-9740-1CE753E802FE}.Release|x86.Build.0 = Release|Any CPU
		{7AAEBEBE-E38D-47B1-A04C-A055DCEB0757}.Debug|Any CPU.ActiveCfg = Debug|Any CPU
		{7AAEBEBE-E38D-47B1-A04C-A055DCEB0757}.Debug|Any CPU.Build.0 = Debug|Any CPU
		{7AAEBEBE-E38D-47B1-A04C-A055DCEB0757}.Debug|x86.ActiveCfg = Debug|Any CPU
		{7AAEBEBE-E38D-47B1-A04C-A055DCEB0757}.Debug|x86.Build.0 = Debug|Any CPU
		{7AAEBEBE-E38D-47B1-A04C-A055DCEB0757}.Release|Any CPU.ActiveCfg = Release|Any CPU
		{7AAEBEBE-E38D-47B1-A04C-A055DCEB0757}.Release|Any CPU.Build.0 = Release|Any CPU
		{7AAEBEBE-E38D-47B1-A04C-A055DCEB0757}.Release|x86.ActiveCfg = Release|Any CPU
		{7AAEBEBE-E38D-47B1-A04C-A055DCEB0757}.Release|x86.Build.0 = Release|Any CPU
		{0DB86674-2A7B-4BDC-93C1-3F7DC771426C}.Debug|Any CPU.ActiveCfg = Debug|Any CPU
		{0DB86674-2A7B-4BDC-93C1-3F7DC771426C}.Debug|Any CPU.Build.0 = Debug|Any CPU
		{0DB86674-2A7B-4BDC-93C1-3F7DC771426C}.Debug|x86.ActiveCfg = Debug|Any CPU
		{0DB86674-2A7B-4BDC-93C1-3F7DC771426C}.Debug|x86.Build.0 = Debug|Any CPU
		{0DB86674-2A7B-4BDC-93C1-3F7DC771426C}.Release|Any CPU.ActiveCfg = Release|Any CPU
		{0DB86674-2A7B-4BDC-93C1-3F7DC771426C}.Release|Any CPU.Build.0 = Release|Any CPU
		{0DB86674-2A7B-4BDC-93C1-3F7DC771426C}.Release|x86.ActiveCfg = Release|Any CPU
		{0DB86674-2A7B-4BDC-93C1-3F7DC771426C}.Release|x86.Build.0 = Release|Any CPU
		{0A78F6FF-5586-4052-8104-E23FF83A7CE1}.Debug|Any CPU.ActiveCfg = Debug|Any CPU
		{0A78F6FF-5586-4052-8104-E23FF83A7CE1}.Debug|Any CPU.Build.0 = Debug|Any CPU
		{0A78F6FF-5586-4052-8104-E23FF83A7CE1}.Debug|x86.ActiveCfg = Debug|x86
		{0A78F6FF-5586-4052-8104-E23FF83A7CE1}.Debug|x86.Build.0 = Debug|x86
		{0A78F6FF-5586-4052-8104-E23FF83A7CE1}.Release|Any CPU.ActiveCfg = Release|Any CPU
		{0A78F6FF-5586-4052-8104-E23FF83A7CE1}.Release|Any CPU.Build.0 = Release|Any CPU
		{0A78F6FF-5586-4052-8104-E23FF83A7CE1}.Release|x86.ActiveCfg = Release|x86
		{0A78F6FF-5586-4052-8104-E23FF83A7CE1}.Release|x86.Build.0 = Release|x86
		{4FFBBE49-8F74-4D47-B9F6-08117F2CB612}.Debug|Any CPU.ActiveCfg = Debug|Any CPU
		{4FFBBE49-8F74-4D47-B9F6-08117F2CB612}.Debug|Any CPU.Build.0 = Debug|Any CPU
		{4FFBBE49-8F74-4D47-B9F6-08117F2CB612}.Debug|x86.ActiveCfg = Debug|Any CPU
		{4FFBBE49-8F74-4D47-B9F6-08117F2CB612}.Debug|x86.Build.0 = Debug|Any CPU
		{4FFBBE49-8F74-4D47-B9F6-08117F2CB612}.Release|Any CPU.ActiveCfg = Release|Any CPU
		{4FFBBE49-8F74-4D47-B9F6-08117F2CB612}.Release|Any CPU.Build.0 = Release|Any CPU
		{4FFBBE49-8F74-4D47-B9F6-08117F2CB612}.Release|x86.ActiveCfg = Release|Any CPU
		{4FFBBE49-8F74-4D47-B9F6-08117F2CB612}.Release|x86.Build.0 = Release|Any CPU
	EndGlobalSection
	GlobalSection(SolutionProperties) = preSolution
		HideSolutionNode = FALSE
	EndGlobalSection
	GlobalSection(NestedProjects) = preSolution
		{87BE6F3A-05BE-41B8-B3AB-D510645D7DCD} = {1EAE6A21-3B96-4490-B3BB-DB02F15414F7}
		{3695BDB3-AF77-4799-9740-1CE753E802FE} = {1E121F55-001D-4A3D-9ED2-9D5541F3DC87}
		{7AAEBEBE-E38D-47B1-A04C-A055DCEB0757} = {05790576-9FF2-4849-87C9-7BA2550591B3}
		{0DB86674-2A7B-4BDC-93C1-3F7DC771426C} = {05790576-9FF2-4849-87C9-7BA2550591B3}
		{0A78F6FF-5586-4052-8104-E23FF83A7CE1} = {05790576-9FF2-4849-87C9-7BA2550591B3}
		{4FFBBE49-8F74-4D47-B9F6-08117F2CB612} = {3B0F584D-3516-4FA3-B526-02E8844087E4}
	EndGlobalSection
	GlobalSection(ExtensibilityGlobals) = postSolution
		SolutionGuid = {82ACBFB9-8772-40B4-A41E-CA87F9FD3281}
	EndGlobalSection
EndGlobal
